
Microsoft Visual Studio Solution File, Format Version 12.00
# Visual Studio Version 17
VisualStudioVersion = 17.5.33502.453
MinimumVisualStudioVersion = 10.0.40219.1
Project("{FAE04EC0-301F-11D3-BF4B-00C04F79EFBC}") = "RationalNumber", "RationalNumber.csproj", "{A85262CB-4A4D-4BA9-9AE4-F6C8913128B7}"
EndProject
Project("{FAE04EC0-301F-11D3-BF4B-00C04F79EFBC}") = "RationalNumberTest", "..\RationalNumberTest\RationalNumberTest.csproj", "{151FF74A-31ED-470C-B7DE-B21B749DBC86}"
EndProject
Global
	GlobalSection(SolutionConfigurationPlatforms) = preSolution
		Debug|Any CPU = Debug|Any CPU
		Release|Any CPU = Release|Any CPU
	EndGlobalSection
	GlobalSection(ProjectConfigurationPlatforms) = postSolution
		{A85262CB-4A4D-4BA9-9AE4-F6C8913128B7}.Debug|Any CPU.ActiveCfg = Debug|Any CPU
		{A85262CB-4A4D-4BA9-9AE4-F6C8913128B7}.Debug|Any CPU.Build.0 = Debug|Any CPU
		{A85262CB-4A4D-4BA9-9AE4-F6C8913128B7}.Release|Any CPU.ActiveCfg = Release|Any CPU
		{A85262CB-4A4D-4BA9-9AE4-F6C8913128B7}.Release|Any CPU.Build.0 = Release|Any CPU
		{151FF74A-31ED-470C-B7DE-B21B749DBC86}.Debug|Any CPU.ActiveCfg = Debug|Any CPU
		{151FF74A-31ED-470C-B7DE-B21B749DBC86}.Debug|Any CPU.Build.0 = Debug|Any CPU
		{151FF74A-31ED-470C-B7DE-B21B749DBC86}.Release|Any CPU.ActiveCfg = Release|Any CPU
		{151FF74A-31ED-470C-B7DE-B21B749DBC86}.Release|Any CPU.Build.0 = Release|Any CPU
	EndGlobalSection
	GlobalSection(SolutionProperties) = preSolution
		HideSolutionNode = FALSE
	EndGlobalSection
	GlobalSection(ExtensibilityGlobals) = postSolution
		SolutionGuid = {4EF801CC-DA3C-4E50-B389-A6B2219ABDA0}
	EndGlobalSection
EndGlobal
