
Microsoft Visual Studio Solution File, Format Version 12.00
# Visual Studio Version 17
VisualStudioVersion = 17.5.33502.453
MinimumVisualStudioVersion = 10.0.40219.1
Project("{FAE04EC0-301F-11D3-BF4B-00C04F79EFBC}") = "College Sports Management System", "College Sports Management System.csproj", "{9751C7F3-B9E7-40C7-B9D7-D07964FB857D}"
EndProject
Global
	GlobalSection(SolutionConfigurationPlatforms) = preSolution
		Debug|Any CPU = Debug|Any CPU
		Release|Any CPU = Release|Any CPU
	EndGlobalSection
	GlobalSection(ProjectConfigurationPlatforms) = postSolution
		{9751C7F3-B9E7-40C7-B9D7-D07964FB857D}.Debug|Any CPU.ActiveCfg = Debug|Any CPU
		{9751C7F3-B9E7-40C7-B9D7-D07964FB857D}.Debug|Any CPU.Build.0 = Debug|Any CPU
		{9751C7F3-B9E7-40C7-B9D7-D07964FB857D}.Release|Any CPU.ActiveCfg = Release|Any CPU
		{9751C7F3-B9E7-40C7-B9D7-D07964FB857D}.Release|Any CPU.Build.0 = Release|Any CPU
	EndGlobalSection
	GlobalSection(SolutionProperties) = preSolution
		HideSolutionNode = FALSE
	EndGlobalSection
	GlobalSection(ExtensibilityGlobals) = postSolution
		SolutionGuid = {923FF969-77A4-40A4-9084-47C33938F51B}
	EndGlobalSection
EndGlobal
