
Microsoft Visual Studio Solution File, Format Version 12.00
# Visual Studio Version 17
VisualStudioVersion = 17.5.33502.453
MinimumVisualStudioVersion = 10.0.40219.1
Project("{FAE04EC0-301F-11D3-BF4B-00C04F79EFBC}") = "PracticeSQL", "PracticeSQL.csproj", "{E40A05E9-F646-4166-B301-28A32B235F1B}"
EndProject
Global
	GlobalSection(SolutionConfigurationPlatforms) = preSolution
		Debug|Any CPU = Debug|Any CPU
		Release|Any CPU = Release|Any CPU
	EndGlobalSection
	GlobalSection(ProjectConfigurationPlatforms) = postSolution
		{E40A05E9-F646-4166-B301-28A32B235F1B}.Debug|Any CPU.ActiveCfg = Debug|Any CPU
		{E40A05E9-F646-4166-B301-28A32B235F1B}.Debug|Any CPU.Build.0 = Debug|Any CPU
		{E40A05E9-F646-4166-B301-28A32B235F1B}.Release|Any CPU.ActiveCfg = Release|Any CPU
		{E40A05E9-F646-4166-B301-28A32B235F1B}.Release|Any CPU.Build.0 = Release|Any CPU
	EndGlobalSection
	GlobalSection(SolutionProperties) = preSolution
		HideSolutionNode = FALSE
	EndGlobalSection
	GlobalSection(ExtensibilityGlobals) = postSolution
		SolutionGuid = {668312C5-92ED-468A-8A5C-3CD1212D393E}
	EndGlobalSection
EndGlobal
