
Microsoft Visual Studio Solution File, Format Version 12.00
# Visual Studio Version 17
VisualStudioVersion = 17.5.33502.453
MinimumVisualStudioVersion = 10.0.40219.1
Project("{FAE04EC0-301F-11D3-BF4B-00C04F79EFBC}") = "BalancedParantheses", "BalancedParantheses.csproj", "{0045948A-39B1-4B62-BA18-BB455C1969FE}"
EndProject
Global
	GlobalSection(SolutionConfigurationPlatforms) = preSolution
		Debug|Any CPU = Debug|Any CPU
		Release|Any CPU = Release|Any CPU
	EndGlobalSection
	GlobalSection(ProjectConfigurationPlatforms) = postSolution
		{0045948A-39B1-4B62-BA18-BB455C1969FE}.Debug|Any CPU.ActiveCfg = Debug|Any CPU
		{0045948A-39B1-4B62-BA18-BB455C1969FE}.Debug|Any CPU.Build.0 = Debug|Any CPU
		{0045948A-39B1-4B62-BA18-BB455C1969FE}.Release|Any CPU.ActiveCfg = Release|Any CPU
		{0045948A-39B1-4B62-BA18-BB455C1969FE}.Release|Any CPU.Build.0 = Release|Any CPU
	EndGlobalSection
	GlobalSection(SolutionProperties) = preSolution
		HideSolutionNode = FALSE
	EndGlobalSection
	GlobalSection(ExtensibilityGlobals) = postSolution
		SolutionGuid = {31D54F14-8C73-420E-A4CA-6020AFC6562F}
	EndGlobalSection
EndGlobal
